
Microsoft Visual Studio Solution File, Format Version 12.00
# Visual Studio Version 16
VisualStudioVersion = 16.0.30804.86
MinimumVisualStudioVersion = 10.0.40219.1
Project("{9A19103F-16F7-4668-BE54-9A1E7A4F7556}") = "CarShop", "CarShop\CarShop.csproj", "{BC33A9DD-28F3-40E9-8854-71A3F58F7133}"
EndProject
Project("{FAE04EC0-301F-11D3-BF4B-00C04F79EFBC}") = "CarShop.Domain", "CarShop.Domain\CarShop.Domain.csproj", "{702F948F-C7AB-46EF-AFD9-195DDAE2CDC2}"
EndProject
Project("{FAE04EC0-301F-11D3-BF4B-00C04F79EFBC}") = "CarShop.WebApi", "CarShop.WebApi\CarShop.WebApi.csproj", "{13FC7859-C00E-43D8-BDDA-B339E0A5778E}"
EndProject
Global
	GlobalSection(SolutionConfigurationPlatforms) = preSolution
		Debug|Any CPU = Debug|Any CPU
		Release|Any CPU = Release|Any CPU
	EndGlobalSection
	GlobalSection(ProjectConfigurationPlatforms) = postSolution
		{BC33A9DD-28F3-40E9-8854-71A3F58F7133}.Debug|Any CPU.ActiveCfg = Debug|Any CPU
		{BC33A9DD-28F3-40E9-8854-71A3F58F7133}.Debug|Any CPU.Build.0 = Debug|Any CPU
		{BC33A9DD-28F3-40E9-8854-71A3F58F7133}.Release|Any CPU.ActiveCfg = Release|Any CPU
		{BC33A9DD-28F3-40E9-8854-71A3F58F7133}.Release|Any CPU.Build.0 = Release|Any CPU
		{702F948F-C7AB-46EF-AFD9-195DDAE2CDC2}.Debug|Any CPU.ActiveCfg = Debug|Any CPU
		{702F948F-C7AB-46EF-AFD9-195DDAE2CDC2}.Debug|Any CPU.Build.0 = Debug|Any CPU
		{702F948F-C7AB-46EF-AFD9-195DDAE2CDC2}.Release|Any CPU.ActiveCfg = Release|Any CPU
		{702F948F-C7AB-46EF-AFD9-195DDAE2CDC2}.Release|Any CPU.Build.0 = Release|Any CPU
		{13FC7859-C00E-43D8-BDDA-B339E0A5778E}.Debug|Any CPU.ActiveCfg = Debug|Any CPU
		{13FC7859-C00E-43D8-BDDA-B339E0A5778E}.Debug|Any CPU.Build.0 = Debug|Any CPU
		{13FC7859-C00E-43D8-BDDA-B339E0A5778E}.Release|Any CPU.ActiveCfg = Release|Any CPU
		{13FC7859-C00E-43D8-BDDA-B339E0A5778E}.Release|Any CPU.Build.0 = Release|Any CPU
	EndGlobalSection
	GlobalSection(SolutionProperties) = preSolution
		HideSolutionNode = FALSE
	EndGlobalSection
	GlobalSection(ExtensibilityGlobals) = postSolution
		SolutionGuid = {048B72BD-E3F6-404C-A1D2-321C6C810219}
	EndGlobalSection
EndGlobal
